
Microsoft Visual Studio Solution File, Format Version 12.00
# Visual Studio 15
VisualStudioVersion = 15.0.26730.3
MinimumVisualStudioVersion = 10.0.40219.1
Project("{FAE04EC0-301F-11D3-BF4B-00C04F79EFBC}") = "TinyDSL.Xml", "src\TinyDSL.Xml\TinyDSL.Xml.csproj", "{C3A0A0A0-D269-466A-843D-7807EE512E37}"
EndProject
Global
	GlobalSection(SolutionConfigurationPlatforms) = preSolution
		Debug|Any CPU = Debug|Any CPU
		Release|Any CPU = Release|Any CPU
	EndGlobalSection
	GlobalSection(ProjectConfigurationPlatforms) = postSolution
		{C3A0A0A0-D269-466A-843D-7807EE512E37}.Debug|Any CPU.ActiveCfg = Debug|Any CPU
		{C3A0A0A0-D269-466A-843D-7807EE512E37}.Debug|Any CPU.Build.0 = Debug|Any CPU
		{C3A0A0A0-D269-466A-843D-7807EE512E37}.Release|Any CPU.ActiveCfg = Release|Any CPU
		{C3A0A0A0-D269-466A-843D-7807EE512E37}.Release|Any CPU.Build.0 = Release|Any CPU
	EndGlobalSection
	GlobalSection(SolutionProperties) = preSolution
		HideSolutionNode = FALSE
	EndGlobalSection
	GlobalSection(ExtensibilityGlobals) = postSolution
		SolutionGuid = {B8C9B114-F2C5-44C5-8653-84D7EF9DDA2B}
	EndGlobalSection
EndGlobal
